
Microsoft Visual Studio Solution File, Format Version 12.00
# Visual Studio Version 17
VisualStudioVersion = 17.1.32210.238
MinimumVisualStudioVersion = 10.0.40219.1
Project("{FAE04EC0-301F-11D3-BF4B-00C04F79EFBC}") = "RouteAPI", "RouteAPI\RouteAPI.csproj", "{C6B229DF-8511-42BE-A009-87262AC34DB1}"
EndProject
Global
	GlobalSection(SolutionConfigurationPlatforms) = preSolution
		Debug|Any CPU = Debug|Any CPU
		Release|Any CPU = Release|Any CPU
	EndGlobalSection
	GlobalSection(ProjectConfigurationPlatforms) = postSolution
		{C6B229DF-8511-42BE-A009-87262AC34DB1}.Debug|Any CPU.ActiveCfg = Debug|Any CPU
		{C6B229DF-8511-42BE-A009-87262AC34DB1}.Debug|Any CPU.Build.0 = Debug|Any CPU
		{C6B229DF-8511-42BE-A009-87262AC34DB1}.Release|Any CPU.ActiveCfg = Release|Any CPU
		{C6B229DF-8511-42BE-A009-87262AC34DB1}.Release|Any CPU.Build.0 = Release|Any CPU
	EndGlobalSection
	GlobalSection(SolutionProperties) = preSolution
		HideSolutionNode = FALSE
	EndGlobalSection
	GlobalSection(ExtensibilityGlobals) = postSolution
		SolutionGuid = {EB0EF75A-1394-4E5E-BC0A-E58FF7611F0E}
	EndGlobalSection
EndGlobal
